
Microsoft Visual Studio Solution File, Format Version 12.00
# Visual Studio Version 16
VisualStudioVersion = 16.0.29123.88
MinimumVisualStudioVersion = 10.0.40219.1
Project("{FAE04EC0-301F-11D3-BF4B-00C04F79EFBC}") = "ConsoleApp2", "ConsoleApp2\ConsoleApp2.csproj", "{3838C438-C2B4-48FE-9A5B-C93D80D595C4}"
EndProject
Global
	GlobalSection(SolutionConfigurationPlatforms) = preSolution
		Debug|Any CPU = Debug|Any CPU
		Release|Any CPU = Release|Any CPU
	EndGlobalSection
	GlobalSection(ProjectConfigurationPlatforms) = postSolution
		{3838C438-C2B4-48FE-9A5B-C93D80D595C4}.Debug|Any CPU.ActiveCfg = Debug|Any CPU
		{3838C438-C2B4-48FE-9A5B-C93D80D595C4}.Debug|Any CPU.Build.0 = Debug|Any CPU
		{3838C438-C2B4-48FE-9A5B-C93D80D595C4}.Release|Any CPU.ActiveCfg = Release|Any CPU
		{3838C438-C2B4-48FE-9A5B-C93D80D595C4}.Release|Any CPU.Build.0 = Release|Any CPU
	EndGlobalSection
	GlobalSection(SolutionProperties) = preSolution
		HideSolutionNode = FALSE
	EndGlobalSection
	GlobalSection(ExtensibilityGlobals) = postSolution
		SolutionGuid = {99BA26C7-14D5-4616-914F-BE7F113E0D35}
	EndGlobalSection
EndGlobal
